
Microsoft Visual Studio Solution File, Format Version 12.00
# Visual Studio Version 17
VisualStudioVersion = 17.10.35122.118
MinimumVisualStudioVersion = 10.0.40219.1
Project("{FAE04EC0-301F-11D3-BF4B-00C04F79EFBC}") = "ProductManagementApp", "ProductManagementApp\ProductManagementApp.csproj", "{1B26FB91-2517-4326-A12F-3C8B418BE47D}"
EndProject
Global
	GlobalSection(SolutionConfigurationPlatforms) = preSolution
		Debug|Any CPU = Debug|Any CPU
		Release|Any CPU = Release|Any CPU
	EndGlobalSection
	GlobalSection(ProjectConfigurationPlatforms) = postSolution
		{1B26FB91-2517-4326-A12F-3C8B418BE47D}.Debug|Any CPU.ActiveCfg = Debug|Any CPU
		{1B26FB91-2517-4326-A12F-3C8B418BE47D}.Debug|Any CPU.Build.0 = Debug|Any CPU
		{1B26FB91-2517-4326-A12F-3C8B418BE47D}.Release|Any CPU.ActiveCfg = Release|Any CPU
		{1B26FB91-2517-4326-A12F-3C8B418BE47D}.Release|Any CPU.Build.0 = Release|Any CPU
	EndGlobalSection
	GlobalSection(SolutionProperties) = preSolution
		HideSolutionNode = FALSE
	EndGlobalSection
	GlobalSection(ExtensibilityGlobals) = postSolution
		SolutionGuid = {94822BA3-F32B-4D90-BB77-6BF426E7EBEF}
	EndGlobalSection
EndGlobal
